
Microsoft Visual Studio Solution File, Format Version 12.00
# Visual Studio Version 17
VisualStudioVersion = 17.5.33516.290
MinimumVisualStudioVersion = 10.0.40219.1
Project("{FAE04EC0-301F-11D3-BF4B-00C04F79EFBC}") = "ScooterRental", "ScooterRental\ScooterRental.csproj", "{62392FCA-1912-435B-BF0B-E6F7B88D0ACB}"
EndProject
Project("{FAE04EC0-301F-11D3-BF4B-00C04F79EFBC}") = "ScooterRental.test", "ScooterRental.test\ScooterRental.test.csproj", "{6A37ABF4-2DB8-4EE2-A49E-11598C7B249B}"
EndProject
Global
	GlobalSection(SolutionConfigurationPlatforms) = preSolution
		Debug|Any CPU = Debug|Any CPU
		Release|Any CPU = Release|Any CPU
	EndGlobalSection
	GlobalSection(ProjectConfigurationPlatforms) = postSolution
		{62392FCA-1912-435B-BF0B-E6F7B88D0ACB}.Debug|Any CPU.ActiveCfg = Debug|Any CPU
		{62392FCA-1912-435B-BF0B-E6F7B88D0ACB}.Debug|Any CPU.Build.0 = Debug|Any CPU
		{62392FCA-1912-435B-BF0B-E6F7B88D0ACB}.Release|Any CPU.ActiveCfg = Release|Any CPU
		{62392FCA-1912-435B-BF0B-E6F7B88D0ACB}.Release|Any CPU.Build.0 = Release|Any CPU
		{6A37ABF4-2DB8-4EE2-A49E-11598C7B249B}.Debug|Any CPU.ActiveCfg = Debug|Any CPU
		{6A37ABF4-2DB8-4EE2-A49E-11598C7B249B}.Debug|Any CPU.Build.0 = Debug|Any CPU
		{6A37ABF4-2DB8-4EE2-A49E-11598C7B249B}.Release|Any CPU.ActiveCfg = Release|Any CPU
		{6A37ABF4-2DB8-4EE2-A49E-11598C7B249B}.Release|Any CPU.Build.0 = Release|Any CPU
	EndGlobalSection
	GlobalSection(SolutionProperties) = preSolution
		HideSolutionNode = FALSE
	EndGlobalSection
	GlobalSection(ExtensibilityGlobals) = postSolution
		SolutionGuid = {1CCEF080-385D-4B42-8205-0BF208CF88D5}
	EndGlobalSection
EndGlobal
